
Microsoft Visual Studio Solution File, Format Version 12.00
# Visual Studio Version 17
VisualStudioVersion = 17.13.35919.96 d17.13
MinimumVisualStudioVersion = 10.0.40219.1
Project("{FAE04EC0-301F-11D3-BF4B-00C04F79EFBC}") = "GitManager.Lib", "GitManager.Lib\GitManager.Lib.csproj", "{0DDC43CF-3FF2-4257-941A-FDB1D693FA4E}"
EndProject
Project("{2150E333-8FDC-42A3-9474-1A3956D46DE8}") = "others", "others", "{34857110-6470-4BDE-93B1-5A4108BF1C75}"
	ProjectSection(SolutionItems) = preProject
		.editorconfig = .editorconfig
		.gitignore = .gitignore
		HelloEveryone.txt = HelloEveryone.txt
	EndProjectSection
EndProject
Project("{FAE04EC0-301F-11D3-BF4B-00C04F79EFBC}") = "GitManager.WpfApp", "GitManager.WpfApp\GitManager.WpfApp.csproj", "{4E463EAB-E84F-4A3C-8A3C-6176208B7F6F}"
EndProject
Global
	GlobalSection(SolutionConfigurationPlatforms) = preSolution
		Debug|Any CPU = Debug|Any CPU
		Release|Any CPU = Release|Any CPU
	EndGlobalSection
	GlobalSection(ProjectConfigurationPlatforms) = postSolution
		{0DDC43CF-3FF2-4257-941A-FDB1D693FA4E}.Debug|Any CPU.ActiveCfg = Debug|Any CPU
		{0DDC43CF-3FF2-4257-941A-FDB1D693FA4E}.Debug|Any CPU.Build.0 = Debug|Any CPU
		{0DDC43CF-3FF2-4257-941A-FDB1D693FA4E}.Release|Any CPU.ActiveCfg = Release|Any CPU
		{0DDC43CF-3FF2-4257-941A-FDB1D693FA4E}.Release|Any CPU.Build.0 = Release|Any CPU
		{4E463EAB-E84F-4A3C-8A3C-6176208B7F6F}.Debug|Any CPU.ActiveCfg = Debug|Any CPU
		{4E463EAB-E84F-4A3C-8A3C-6176208B7F6F}.Debug|Any CPU.Build.0 = Debug|Any CPU
		{4E463EAB-E84F-4A3C-8A3C-6176208B7F6F}.Release|Any CPU.ActiveCfg = Release|Any CPU
		{4E463EAB-E84F-4A3C-8A3C-6176208B7F6F}.Release|Any CPU.Build.0 = Release|Any CPU
	EndGlobalSection
	GlobalSection(SolutionProperties) = preSolution
		HideSolutionNode = FALSE
	EndGlobalSection
EndGlobal
